
Microsoft Visual Studio Solution File, Format Version 12.00
# Visual Studio Version 17
VisualStudioVersion = 17.5.002.0
MinimumVisualStudioVersion = 10.0.40219.1
Project("{9A19103F-16F7-4668-BE54-9A1E7A4F7556}") = "FoodReggie-1.Tests", "FoodReggie-1.Tests.csproj", "{02D14B9F-C681-4105-8968-F4A445088636}"
EndProject
Global
	GlobalSection(SolutionConfigurationPlatforms) = preSolution
		Debug|Any CPU = Debug|Any CPU
		Release|Any CPU = Release|Any CPU
	EndGlobalSection
	GlobalSection(ProjectConfigurationPlatforms) = postSolution
		{02D14B9F-C681-4105-8968-F4A445088636}.Debug|Any CPU.ActiveCfg = Debug|Any CPU
		{02D14B9F-C681-4105-8968-F4A445088636}.Debug|Any CPU.Build.0 = Debug|Any CPU
		{02D14B9F-C681-4105-8968-F4A445088636}.Release|Any CPU.ActiveCfg = Release|Any CPU
		{02D14B9F-C681-4105-8968-F4A445088636}.Release|Any CPU.Build.0 = Release|Any CPU
	EndGlobalSection
	GlobalSection(SolutionProperties) = preSolution
		HideSolutionNode = FALSE
	EndGlobalSection
	GlobalSection(ExtensibilityGlobals) = postSolution
		SolutionGuid = {FAAE424F-6F05-4971-8DF5-8BC200A15CBB}
	EndGlobalSection
EndGlobal
